PODS:
  - Alamofire (3.3.1)
  - JTSImageViewController (1.5.1)
  - SwiftSpinner (0.9.5)

DEPENDENCIES:
  - Alamofire (~> 3.3)
  - JTSImageViewController
  - SwiftSpinner

SPEC CHECKSUMS:
  Alamofire: 369bc67b6f5ac33ded3648d7bd21c5bfb91c2ecc
  JTSImageViewController: 1f8ce1cc93dab0d0af8e53badeea7528560cfec9
  SwiftSpinner: c6585a0ae5c67eb33e737695cce88f0262008cce

COCOAPODS: 0.39.0
